
Microsoft Visual Studio Solution File, Format Version 12.00
# Visual Studio Version 17
VisualStudioVersion = 17.5.33530.505
MinimumVisualStudioVersion = 10.0.40219.1
Project("{2150E333-8FDC-42A3-9474-1A3956D46DE8}") = "src", "src", "{8341FC8B-666E-4F6C-8BB2-EE2A4E980AFA}"
EndProject
Project("{2150E333-8FDC-42A3-9474-1A3956D46DE8}") = "core", "core", "{3917C045-696E-434F-BD15-B6D603616624}"
EndProject
Project("{2150E333-8FDC-42A3-9474-1A3956D46DE8}") = "infraestructura", "infraestructura", "{E9345A2C-5980-45D9-8DF0-E195D77F94C3}"
EndProject
Project("{2150E333-8FDC-42A3-9474-1A3956D46DE8}") = "presentacion", "presentacion", "{11AB8801-8B6A-4DC8-B72B-8E297E1D0DD0}"
EndProject
Project("{FAE04EC0-301F-11D3-BF4B-00C04F79EFBC}") = "Aplicacion", "Aplicacion\Aplicacion.csproj", "{90FD2D7E-4743-4A68-B2A1-13749C0B9F58}"
EndProject
Project("{FAE04EC0-301F-11D3-BF4B-00C04F79EFBC}") = "Dominio", "Dominio\Dominio.csproj", "{2DAADFC5-F3DF-42B9-9EA1-25D1D4D55FE6}"
EndProject
Project("{FAE04EC0-301F-11D3-BF4B-00C04F79EFBC}") = "Compartir", "Compartir\Compartir.csproj", "{1EDEAE9C-ADDF-4ECB-9F2C-82A47136B30E}"
EndProject
Project("{FAE04EC0-301F-11D3-BF4B-00C04F79EFBC}") = "Persistencia", "Persistencia\Persistencia.csproj", "{699CFE63-32BF-475F-A9A1-B0A129F08D3B}"
EndProject
Project("{FAE04EC0-301F-11D3-BF4B-00C04F79EFBC}") = "ApiWeb", "ApiWeb\ApiWeb.csproj", "{29C281AB-DF80-4D21-ADC3-7CC50B795454}"
EndProject
Global
	GlobalSection(SolutionConfigurationPlatforms) = preSolution
		Debug|Any CPU = Debug|Any CPU
		Release|Any CPU = Release|Any CPU
	EndGlobalSection
	GlobalSection(ProjectConfigurationPlatforms) = postSolution
		{90FD2D7E-4743-4A68-B2A1-13749C0B9F58}.Debug|Any CPU.ActiveCfg = Debug|Any CPU
		{90FD2D7E-4743-4A68-B2A1-13749C0B9F58}.Debug|Any CPU.Build.0 = Debug|Any CPU
		{90FD2D7E-4743-4A68-B2A1-13749C0B9F58}.Release|Any CPU.ActiveCfg = Release|Any CPU
		{90FD2D7E-4743-4A68-B2A1-13749C0B9F58}.Release|Any CPU.Build.0 = Release|Any CPU
		{2DAADFC5-F3DF-42B9-9EA1-25D1D4D55FE6}.Debug|Any CPU.ActiveCfg = Debug|Any CPU
		{2DAADFC5-F3DF-42B9-9EA1-25D1D4D55FE6}.Debug|Any CPU.Build.0 = Debug|Any CPU
		{2DAADFC5-F3DF-42B9-9EA1-25D1D4D55FE6}.Release|Any CPU.ActiveCfg = Release|Any CPU
		{2DAADFC5-F3DF-42B9-9EA1-25D1D4D55FE6}.Release|Any CPU.Build.0 = Release|Any CPU
		{1EDEAE9C-ADDF-4ECB-9F2C-82A47136B30E}.Debug|Any CPU.ActiveCfg = Debug|Any CPU
		{1EDEAE9C-ADDF-4ECB-9F2C-82A47136B30E}.Debug|Any CPU.Build.0 = Debug|Any CPU
		{1EDEAE9C-ADDF-4ECB-9F2C-82A47136B30E}.Release|Any CPU.ActiveCfg = Release|Any CPU
		{1EDEAE9C-ADDF-4ECB-9F2C-82A47136B30E}.Release|Any CPU.Build.0 = Release|Any CPU
		{699CFE63-32BF-475F-A9A1-B0A129F08D3B}.Debug|Any CPU.ActiveCfg = Debug|Any CPU
		{699CFE63-32BF-475F-A9A1-B0A129F08D3B}.Debug|Any CPU.Build.0 = Debug|Any CPU
		{699CFE63-32BF-475F-A9A1-B0A129F08D3B}.Release|Any CPU.ActiveCfg = Release|Any CPU
		{699CFE63-32BF-475F-A9A1-B0A129F08D3B}.Release|Any CPU.Build.0 = Release|Any CPU
		{29C281AB-DF80-4D21-ADC3-7CC50B795454}.Debug|Any CPU.ActiveCfg = Debug|Any CPU
		{29C281AB-DF80-4D21-ADC3-7CC50B795454}.Debug|Any CPU.Build.0 = Debug|Any CPU
		{29C281AB-DF80-4D21-ADC3-7CC50B795454}.Release|Any CPU.ActiveCfg = Release|Any CPU
		{29C281AB-DF80-4D21-ADC3-7CC50B795454}.Release|Any CPU.Build.0 = Release|Any CPU
	EndGlobalSection
	GlobalSection(SolutionProperties) = preSolution
		HideSolutionNode = FALSE
	EndGlobalSection
	GlobalSection(NestedProjects) = preSolution
		{3917C045-696E-434F-BD15-B6D603616624} = {8341FC8B-666E-4F6C-8BB2-EE2A4E980AFA}
		{E9345A2C-5980-45D9-8DF0-E195D77F94C3} = {8341FC8B-666E-4F6C-8BB2-EE2A4E980AFA}
		{11AB8801-8B6A-4DC8-B72B-8E297E1D0DD0} = {8341FC8B-666E-4F6C-8BB2-EE2A4E980AFA}
		{90FD2D7E-4743-4A68-B2A1-13749C0B9F58} = {3917C045-696E-434F-BD15-B6D603616624}
		{2DAADFC5-F3DF-42B9-9EA1-25D1D4D55FE6} = {3917C045-696E-434F-BD15-B6D603616624}
		{1EDEAE9C-ADDF-4ECB-9F2C-82A47136B30E} = {E9345A2C-5980-45D9-8DF0-E195D77F94C3}
		{699CFE63-32BF-475F-A9A1-B0A129F08D3B} = {E9345A2C-5980-45D9-8DF0-E195D77F94C3}
		{29C281AB-DF80-4D21-ADC3-7CC50B795454} = {11AB8801-8B6A-4DC8-B72B-8E297E1D0DD0}
	EndGlobalSection
	GlobalSection(ExtensibilityGlobals) = postSolution
		SolutionGuid = {65E3D9B3-031B-4F0B-BDFA-47C01D6C1FAA}
	EndGlobalSection
EndGlobal
